
Microsoft Visual Studio Solution File, Format Version 12.00
# Visual Studio Version 17
VisualStudioVersion = 17.10.35013.160
MinimumVisualStudioVersion = 10.0.40219.1
Project("{FAE04EC0-301F-11D3-BF4B-00C04F79EFBC}") = "SawacoApi", "SawacoApi\SawacoApi.csproj", "{CCB88BE6-AF60-46F6-A130-D2A63102D9C9}"
EndProject
Global
	GlobalSection(SolutionConfigurationPlatforms) = preSolution
		Debug|Any CPU = Debug|Any CPU
		Release|Any CPU = Release|Any CPU
	EndGlobalSection
	GlobalSection(ProjectConfigurationPlatforms) = postSolution
		{CCB88BE6-AF60-46F6-A130-D2A63102D9C9}.Debug|Any CPU.ActiveCfg = Debug|Any CPU
		{CCB88BE6-AF60-46F6-A130-D2A63102D9C9}.Debug|Any CPU.Build.0 = Debug|Any CPU
		{CCB88BE6-AF60-46F6-A130-D2A63102D9C9}.Release|Any CPU.ActiveCfg = Release|Any CPU
		{CCB88BE6-AF60-46F6-A130-D2A63102D9C9}.Release|Any CPU.Build.0 = Release|Any CPU
	EndGlobalSection
	GlobalSection(SolutionProperties) = preSolution
		HideSolutionNode = FALSE
	EndGlobalSection
	GlobalSection(ExtensibilityGlobals) = postSolution
		SolutionGuid = {66EBC6EC-06C6-43E2-8F96-836E1D9AC98F}
	EndGlobalSection
EndGlobal
